// !$*UTF8*$!
{
	archiveVersion = 1;
	classes = {
	};
	objectVersion = 56;
	objects = {

/* Begin PBXBuildFile section */
		733EFC8A2BECB378000AF4D8 /* AppDelegate.swift in Sources */ = {isa = PBXBuildFile; fileRef = 733EFC892BECB378000AF4D8 /* AppDelegate.swift */; };
		733EFC8C2BECB378000AF4D8 /* SceneDelegate.swift in Sources */ = {isa = PBXBuildFile; fileRef = 733EFC8B2BECB378000AF4D8 /* SceneDelegate.swift */; };
		733EFC8E2BECB378000AF4D8 /* ViewController.swift in Sources */ = {isa = PBXBuildFile; fileRef = 733EFC8D2BECB378000AF4D8 /* ViewController.swift */; };
		733EFC932BECB37A000AF4D8 /* Assets.xcassets in Resources */ = {isa = PBXBuildFile; fileRef = 733EFC922BECB37A000AF4D8 /* Assets.xcassets */; };
		733EFC962BECB37A000AF4D8 /* LaunchScreen.storyboard in Resources */ = {isa = PBXBuildFile; fileRef = 733EFC942BECB37A000AF4D8 /* LaunchScreen.storyboard */; };
		733EFCA02BECB456000AF4D8 /* Localizable.strings in Resources */ = {isa = PBXBuildFile; fileRef = 733EFC9F2BECB456000AF4D8 /* Localizable.strings */; };
		733EFCA32BECB8BC000AF4D8 /* swiftgen.yml in Resources */ = {isa = PBXBuildFile; fileRef = 733EFCA22BECB8BB000AF4D8 /* swiftgen.yml */; };
		733EFCA62BECB9CE000AF4D8 /* Lottie.stencil in Resources */ = {isa = PBXBuildFile; fileRef = 733EFCA52BECB9CE000AF4D8 /* Lottie.stencil */; };
		733EFCA82BECB9F1000AF4D8 /* scan_animation.json in Resources */ = {isa = PBXBuildFile; fileRef = 733EFCA72BECB9F1000AF4D8 /* scan_animation.json */; };
		733EFCAC2BECBA48000AF4D8 /* Assets.swift in Sources */ = {isa = PBXBuildFile; fileRef = 733EFCA92BECBA48000AF4D8 /* Assets.swift */; };
		733EFCAD2BECBA48000AF4D8 /* LocalizedStrings.swift in Sources */ = {isa = PBXBuildFile; fileRef = 733EFCAA2BECBA48000AF4D8 /* LocalizedStrings.swift */; };
		733EFCAE2BECBA48000AF4D8 /* Lottie.swift in Sources */ = {isa = PBXBuildFile; fileRef = 733EFCAB2BECBA48000AF4D8 /* Lottie.swift */; };
		733EFCB12BECBB5B000AF4D8 /* Lottie in Frameworks */ = {isa = PBXBuildFile; productRef = 733EFCB02BECBB5B000AF4D8 /* Lottie */; };
		733EFCB42BECC225000AF4D8 /* Urbanist-VariableFont_wght.ttf in Resources */ = {isa = PBXBuildFile; fileRef = 733EFCB32BECC20E000AF4D8 /* Urbanist-VariableFont_wght.ttf */; };
		733EFCB62BECC245000AF4D8 /* Fonts.swift in Sources */ = {isa = PBXBuildFile; fileRef = 733EFCB52BECC245000AF4D8 /* Fonts.swift */; };
		733EFCB82BECC392000AF4D8 /* .gitignore in Resources */ = {isa = PBXBuildFile; fileRef = 733EFCB72BECC392000AF4D8 /* .gitignore */; };
/* End PBXBuildFile section */

/* Begin PBXFileReference section */
		733EFC862BECB378000AF4D8 /* Plants.app */ = {isa = PBXFileReference; explicitFileType = wrapper.application; includeInIndex = 0; path = Plants.app; sourceTree = BUILT_PRODUCTS_DIR; };
		733EFC892BECB378000AF4D8 /* AppDelegate.swift */ = {isa = PBXFileReference; lastKnownFileType = sourcecode.swift; path = AppDelegate.swift; sourceTree = "<group>"; };
		733EFC8B2BECB378000AF4D8 /* SceneDelegate.swift */ = {isa = PBXFileReference; lastKnownFileType = sourcecode.swift; path = SceneDelegate.swift; sourceTree = "<group>"; };
		733EFC8D2BECB378000AF4D8 /* ViewController.swift */ = {isa = PBXFileReference; lastKnownFileType = sourcecode.swift; path = ViewController.swift; sourceTree = "<group>"; };
		733EFC922BECB37A000AF4D8 /* Assets.xcassets */ = {isa = PBXFileReference; lastKnownFileType = folder.assetcatalog; path = Assets.xcassets; sourceTree = "<group>"; };
		733EFC952BECB37A000AF4D8 /* Base */ = {isa = PBXFileReference; lastKnownFileType = file.storyboard; name = Base; path = Base.lproj/LaunchScreen.storyboard; sourceTree = "<group>"; };
		733EFC972BECB37A000AF4D8 /* Info.plist */ = {isa = PBXFileReference; lastKnownFileType = text.plist.xml; path = Info.plist; sourceTree = "<group>"; };
		733EFC9F2BECB456000AF4D8 /* Localizable.strings */ = {isa = PBXFileReference; lastKnownFileType = text.plist.strings; path = Localizable.strings; sourceTree = "<group>"; };
		733EFCA22BECB8BB000AF4D8 /* swiftgen.yml */ = {isa = PBXFileReference; lastKnownFileType = text.yaml; path = swiftgen.yml; sourceTree = "<group>"; };
		733EFCA52BECB9CE000AF4D8 /* Lottie.stencil */ = {isa = PBXFileReference; lastKnownFileType = text; path = Lottie.stencil; sourceTree = "<group>"; };
		733EFCA72BECB9F1000AF4D8 /* scan_animation.json */ = {isa = PBXFileReference; fileEncoding = 4; lastKnownFileType = text.json; path = scan_animation.json; sourceTree = "<group>"; };
		733EFCA92BECBA48000AF4D8 /* Assets.swift */ = {isa = PBXFileReference; fileEncoding = 4; lastKnownFileType = sourcecode.swift; path = Assets.swift; sourceTree = "<group>"; };
		733EFCAA2BECBA48000AF4D8 /* LocalizedStrings.swift */ = {isa = PBXFileReference; fileEncoding = 4; lastKnownFileType = sourcecode.swift; path = LocalizedStrings.swift; sourceTree = "<group>"; };
		733EFCAB2BECBA48000AF4D8 /* Lottie.swift */ = {isa = PBXFileReference; fileEncoding = 4; lastKnownFileType = sourcecode.swift; path = Lottie.swift; sourceTree = "<group>"; };
		733EFCB32BECC20E000AF4D8 /* Urbanist-VariableFont_wght.ttf */ = {isa = PBXFileReference; lastKnownFileType = file; path = "Urbanist-VariableFont_wght.ttf"; sourceTree = "<group>"; };
		733EFCB52BECC245000AF4D8 /* Fonts.swift */ = {isa = PBXFileReference; fileEncoding = 4; lastKnownFileType = sourcecode.swift; path = Fonts.swift; sourceTree = "<group>"; };
		733EFCB72BECC392000AF4D8 /* .gitignore */ = {isa = PBXFileReference; lastKnownFileType = text; path = .gitignore; sourceTree = "<group>"; };
/* End PBXFileReference section */

/* Begin PBXFrameworksBuildPhase section */
		733EFC832BECB378000AF4D8 /* Frameworks */ = {
			isa = PBXFrameworksBuildPhase;
			buildActionMask = 2147483647;
			files = (
				733EFCB12BECBB5B000AF4D8 /* Lottie in Frameworks */,
			);
			runOnlyForDeploymentPostprocessing = 0;
		};
/* End PBXFrameworksBuildPhase section */

/* Begin PBXGroup section */
		733EFC7D2BECB378000AF4D8 = {
			isa = PBXGroup;
			children = (
				733EFC882BECB378000AF4D8 /* Plants */,
				733EFCB72BECC392000AF4D8 /* .gitignore */,
				733EFC872BECB378000AF4D8 /* Products */,
			);
			sourceTree = "<group>";
		};
		733EFC872BECB378000AF4D8 /* Products */ = {
			isa = PBXGroup;
			children = (
				733EFC862BECB378000AF4D8 /* Plants.app */,
			);
			name = Products;
			sourceTree = "<group>";
		};
		733EFC882BECB378000AF4D8 /* Plants */ = {
			isa = PBXGroup;
			children = (
				733EFC9D2BECB43D000AF4D8 /* Resources */,
				733EFC892BECB378000AF4D8 /* AppDelegate.swift */,
				733EFC8B2BECB378000AF4D8 /* SceneDelegate.swift */,
				733EFC8D2BECB378000AF4D8 /* ViewController.swift */,
				733EFC942BECB37A000AF4D8 /* LaunchScreen.storyboard */,
				733EFC972BECB37A000AF4D8 /* Info.plist */,
			);
			path = Plants;
			sourceTree = "<group>";
		};
		733EFC9D2BECB43D000AF4D8 /* Resources */ = {
			isa = PBXGroup;
			children = (
				733EFCB22BECC205000AF4D8 /* Fonts */,
				733EFCA42BECB9BC000AF4D8 /* SwiftgenTemplates */,
				733EFCA12BECB7EB000AF4D8 /* Animations */,
				733EFC922BECB37A000AF4D8 /* Assets.xcassets */,
				733EFC9E2BECB446000AF4D8 /* Generated */,
				733EFC9F2BECB456000AF4D8 /* Localizable.strings */,
				733EFCA22BECB8BB000AF4D8 /* swiftgen.yml */,
			);
			path = Resources;
			sourceTree = "<group>";
		};
		733EFC9E2BECB446000AF4D8 /* Generated */ = {
			isa = PBXGroup;
			children = (
				733EFCB52BECC245000AF4D8 /* Fonts.swift */,
				733EFCA92BECBA48000AF4D8 /* Assets.swift */,
				733EFCAA2BECBA48000AF4D8 /* LocalizedStrings.swift */,
				733EFCAB2BECBA48000AF4D8 /* Lottie.swift */,
			);
			path = Generated;
			sourceTree = "<group>";
		};
		733EFCA12BECB7EB000AF4D8 /* Animations */ = {
			isa = PBXGroup;
			children = (
				733EFCA72BECB9F1000AF4D8 /* scan_animation.json */,
			);
			path = Animations;
			sourceTree = "<group>";
		};
		733EFCA42BECB9BC000AF4D8 /* SwiftgenTemplates */ = {
			isa = PBXGroup;
			children = (
				733EFCA52BECB9CE000AF4D8 /* Lottie.stencil */,
			);
			path = SwiftgenTemplates;
			sourceTree = "<group>";
		};
		733EFCB22BECC205000AF4D8 /* Fonts */ = {
			isa = PBXGroup;
			children = (
				733EFCB32BECC20E000AF4D8 /* Urbanist-VariableFont_wght.ttf */,
			);
			path = Fonts;
			sourceTree = "<group>";
		};
/* End PBXGroup section */

/* Begin PBXNativeTarget section */
		733EFC852BECB378000AF4D8 /* Plants */ = {
			isa = PBXNativeTarget;
			buildConfigurationList = 733EFC9A2BECB37A000AF4D8 /* Build configuration list for PBXNativeTarget "Plants" */;
			buildPhases = (
				733EFC822BECB378000AF4D8 /* Sources */,
				733EFC832BECB378000AF4D8 /* Frameworks */,
				733EFC842BECB378000AF4D8 /* Resources */,
			);
			buildRules = (
			);
			dependencies = (
			);
			name = Plants;
			packageProductDependencies = (
				733EFCB02BECBB5B000AF4D8 /* Lottie */,
			);
			productName = Plants;
			productReference = 733EFC862BECB378000AF4D8 /* Plants.app */;
			productType = "com.apple.product-type.application";
		};
/* End PBXNativeTarget section */

/* Begin PBXProject section */
		733EFC7E2BECB378000AF4D8 /* Project object */ = {
			isa = PBXProject;
			attributes = {
				BuildIndependentTargetsInParallel = 1;
				LastSwiftUpdateCheck = 1520;
				LastUpgradeCheck = 1520;
				TargetAttributes = {
					733EFC852BECB378000AF4D8 = {
						CreatedOnToolsVersion = 15.2;
					};
				};
			};
			buildConfigurationList = 733EFC812BECB378000AF4D8 /* Build configuration list for PBXProject "Plants" */;
			compatibilityVersion = "Xcode 14.0";
			developmentRegion = en;
			hasScannedForEncodings = 0;
			knownRegions = (
				en,
				Base,
			);
			mainGroup = 733EFC7D2BECB378000AF4D8;
			packageReferences = (
				733EFCAF2BECBB5B000AF4D8 /* XCRemoteSwiftPackageReference "lottie-spm" */,
			);
			productRefGroup = 733EFC872BECB378000AF4D8 /* Products */;
			projectDirPath = "";
			projectRoot = "";
			targets = (
				733EFC852BECB378000AF4D8 /* Plants */,
			);
		};
/* End PBXProject section */

/* Begin PBXResourcesBuildPhase section */
		733EFC842BECB378000AF4D8 /* Resources */ = {
			isa = PBXResourcesBuildPhase;
			buildActionMask = 2147483647;
			files = (
				733EFCB82BECC392000AF4D8 /* .gitignore in Resources */,
				733EFCB42BECC225000AF4D8 /* Urbanist-VariableFont_wght.ttf in Resources */,
				733EFC962BECB37A000AF4D8 /* LaunchScreen.storyboard in Resources */,
				733EFCA02BECB456000AF4D8 /* Localizable.strings in Resources */,
				733EFC932BECB37A000AF4D8 /* Assets.xcassets in Resources */,
				733EFCA32BECB8BC000AF4D8 /* swiftgen.yml in Resources */,
				733EFCA62BECB9CE000AF4D8 /* Lottie.stencil in Resources */,
				733EFCA82BECB9F1000AF4D8 /* scan_animation.json in Resources */,
			);
			runOnlyForDeploymentPostprocessing = 0;
		};
/* End PBXResourcesBuildPhase section */

/* Begin PBXSourcesBuildPhase section */
		733EFC822BECB378000AF4D8 /* Sources */ = {
			isa = PBXSourcesBuildPhase;
			buildActionMask = 2147483647;
			files = (
				733EFCB62BECC245000AF4D8 /* Fonts.swift in Sources */,
				733EFC8E2BECB378000AF4D8 /* ViewController.swift in Sources */,
				733EFC8A2BECB378000AF4D8 /* AppDelegate.swift in Sources */,
				733EFCAE2BECBA48000AF4D8 /* Lottie.swift in Sources */,
				733EFCAC2BECBA48000AF4D8 /* Assets.swift in Sources */,
				733EFC8C2BECB378000AF4D8 /* SceneDelegate.swift in Sources */,
				733EFCAD2BECBA48000AF4D8 /* LocalizedStrings.swift in Sources */,
			);
			runOnlyForDeploymentPostprocessing = 0;
		};
/* End PBXSourcesBuildPhase section */

/* Begin PBXVariantGroup section */
		733EFC942BECB37A000AF4D8 /* LaunchScreen.storyboard */ = {
			isa = PBXVariantGroup;
			children = (
				733EFC952BECB37A000AF4D8 /* Base */,
			);
			name = LaunchScreen.storyboard;
			sourceTree = "<group>";
		};
/* End PBXVariantGroup section */

/* Begin XCBuildConfiguration section */
		733EFC982BECB37A000AF4D8 /* Debug */ = {
			isa = XCBuildConfiguration;
			buildSettings = {
				ALWAYS_SEARCH_USER_PATHS = NO;
				ASSETCATALOG_COMPILER_GENERATE_SWIFT_ASSET_SYMBOL_EXTENSIONS = YES;
				CLANG_ANALYZER_NONNULL = YES;
				CLANG_ANALYZER_NUMBER_OBJECT_CONVERSION = YES_AGGRESSIVE;
				CLANG_CXX_LANGUAGE_STANDARD = "gnu++20";
				CLANG_ENABLE_MODULES = YES;
				CLANG_ENABLE_OBJC_ARC = YES;
				CLANG_ENABLE_OBJC_WEAK = YES;
				CLANG_WARN_BLOCK_CAPTURE_AUTORELEASING = YES;
				CLANG_WARN_BOOL_CONVERSION = YES;
				CLANG_WARN_COMMA = YES;
				CLANG_WARN_CONSTANT_CONVERSION = YES;
				CLANG_WARN_DEPRECATED_OBJC_IMPLEMENTATIONS = YES;
				CLANG_WARN_DIRECT_OBJC_ISA_USAGE = YES_ERROR;
				CLANG_WARN_DOCUMENTATION_COMMENTS = YES;
				CLANG_WARN_EMPTY_BODY = YES;
				CLANG_WARN_ENUM_CONVERSION = YES;
				CLANG_WARN_INFINITE_RECURSION = YES;
				CLANG_WARN_INT_CONVERSION = YES;
				CLANG_WARN_NON_LITERAL_NULL_CONVERSION = YES;
				CLANG_WARN_OBJC_IMPLICIT_RETAIN_SELF = YES;
				CLANG_WARN_OBJC_LITERAL_CONVERSION = YES;
				CLANG_WARN_OBJC_ROOT_CLASS = YES_ERROR;
				CLANG_WARN_QUOTED_INCLUDE_IN_FRAMEWORK_HEADER = YES;
				CLANG_WARN_RANGE_LOOP_ANALYSIS = YES;
				CLANG_WARN_STRICT_PROTOTYPES = YES;
				CLANG_WARN_SUSPICIOUS_MOVE = YES;
				CLANG_WARN_UNGUARDED_AVAILABILITY = YES_AGGRESSIVE;
				CLANG_WARN_UNREACHABLE_CODE = YES;
				CLANG_WARN__DUPLICATE_METHOD_MATCH = YES;
				COPY_PHASE_STRIP = NO;
				DEBUG_INFORMATION_FORMAT = dwarf;
				ENABLE_STRICT_OBJC_MSGSEND = YES;
				ENABLE_TESTABILITY = YES;
				ENABLE_USER_SCRIPT_SANDBOXING = YES;
				GCC_C_LANGUAGE_STANDARD = gnu17;
				GCC_DYNAMIC_NO_PIC = NO;
				GCC_NO_COMMON_BLOCKS = YES;
				GCC_OPTIMIZATION_LEVEL = 0;
				GCC_PREPROCESSOR_DEFINITIONS = (
					"DEBUG=1",
					"$(inherited)",
				);
				GCC_WARN_64_TO_32_BIT_CONVERSION = YES;
				GCC_WARN_ABOUT_RETURN_TYPE = YES_ERROR;
				GCC_WARN_UNDECLARED_SELECTOR = YES;
				GCC_WARN_UNINITIALIZED_AUTOS = YES_AGGRESSIVE;
				GCC_WARN_UNUSED_FUNCTION = YES;
				GCC_WARN_UNUSED_VARIABLE = YES;
				IPHONEOS_DEPLOYMENT_TARGET = 15.0;
				LOCALIZATION_PREFERS_STRING_CATALOGS = YES;
				MTL_ENABLE_DEBUG_INFO = INCLUDE_SOURCE;
				MTL_FAST_MATH = YES;
				ONLY_ACTIVE_ARCH = YES;
				SDKROOT = iphoneos;
				SWIFT_ACTIVE_COMPILATION_CONDITIONS = "DEBUG $(inherited)";
				SWIFT_OPTIMIZATION_LEVEL = "-Onone";
			};
			name = Debug;
		};
		733EFC992BECB37A000AF4D8 /* Release */ = {
			isa = XCBuildConfiguration;
			buildSettings = {
				ALWAYS_SEARCH_USER_PATHS = NO;
				ASSETCATALOG_COMPILER_GENERATE_SWIFT_ASSET_SYMBOL_EXTENSIONS = YES;
				CLANG_ANALYZER_NONNULL = YES;
				CLANG_ANALYZER_NUMBER_OBJECT_CONVERSION = YES_AGGRESSIVE;
				CLANG_CXX_LANGUAGE_STANDARD = "gnu++20";
				CLANG_ENABLE_MODULES = YES;
				CLANG_ENABLE_OBJC_ARC = YES;
				CLANG_ENABLE_OBJC_WEAK = YES;
				CLANG_WARN_BLOCK_CAPTURE_AUTORELEASING = YES;
				CLANG_WARN_BOOL_CONVERSION = YES;
				CLANG_WARN_COMMA = YES;
				CLANG_WARN_CONSTANT_CONVERSION = YES;
				CLANG_WARN_DEPRECATED_OBJC_IMPLEMENTATIONS = YES;
				CLANG_WARN_DIRECT_OBJC_ISA_USAGE = YES_ERROR;
				CLANG_WARN_DOCUMENTATION_COMMENTS = YES;
				CLANG_WARN_EMPTY_BODY = YES;
				CLANG_WARN_ENUM_CONVERSION = YES;
				CLANG_WARN_INFINITE_RECURSION = YES;
				CLANG_WARN_INT_CONVERSION = YES;
				CLANG_WARN_NON_LITERAL_NULL_CONVERSION = YES;
				CLANG_WARN_OBJC_IMPLICIT_RETAIN_SELF = YES;
				CLANG_WARN_OBJC_LITERAL_CONVERSION = YES;
				CLANG_WARN_OBJC_ROOT_CLASS = YES_ERROR;
				CLANG_WARN_QUOTED_INCLUDE_IN_FRAMEWORK_HEADER = YES;
				CLANG_WARN_RANGE_LOOP_ANALYSIS = YES;
				CLANG_WARN_STRICT_PROTOTYPES = YES;
				CLANG_WARN_SUSPICIOUS_MOVE = YES;
				CLANG_WARN_UNGUARDED_AVAILABILITY = YES_AGGRESSIVE;
				CLANG_WARN_UNREACHABLE_CODE = YES;
				CLANG_WARN__DUPLICATE_METHOD_MATCH = YES;
				COPY_PHASE_STRIP = NO;
				DEBUG_INFORMATION_FORMAT = "dwarf-with-dsym";
				ENABLE_NS_ASSERTIONS = NO;
				ENABLE_STRICT_OBJC_MSGSEND = YES;
				ENABLE_USER_SCRIPT_SANDBOXING = YES;
				GCC_C_LANGUAGE_STANDARD = gnu17;
				GCC_NO_COMMON_BLOCKS = YES;
				GCC_WARN_64_TO_32_BIT_CONVERSION = YES;
				GCC_WARN_ABOUT_RETURN_TYPE = YES_ERROR;
				GCC_WARN_UNDECLARED_SELECTOR = YES;
				GCC_WARN_UNINITIALIZED_AUTOS = YES_AGGRESSIVE;
				GCC_WARN_UNUSED_FUNCTION = YES;
				GCC_WARN_UNUSED_VARIABLE = YES;
				IPHONEOS_DEPLOYMENT_TARGET = 15.0;
				LOCALIZATION_PREFERS_STRING_CATALOGS = YES;
				MTL_ENABLE_DEBUG_INFO = NO;
				MTL_FAST_MATH = YES;
				SDKROOT = iphoneos;
				SWIFT_COMPILATION_MODE = wholemodule;
				VALIDATE_PRODUCT = YES;
			};
			name = Release;
		};
		733EFC9B2BECB37A000AF4D8 /* Debug */ = {
			isa = XCBuildConfiguration;
			buildSettings = {
				ASSETCATALOG_COMPILER_APPICON_NAME = AppIcon;
				ASSETCATALOG_COMPILER_GLOBAL_ACCENT_COLOR_NAME = AccentColor;
				CODE_SIGN_STYLE = Automatic;
				CURRENT_PROJECT_VERSION = 1;
				DEVELOPMENT_TEAM = S5J23Z6PPM;
				GENERATE_INFOPLIST_FILE = YES;
				INFOPLIST_FILE = Plants/Info.plist;
				INFOPLIST_KEY_UIApplicationSupportsIndirectInputEvents = YES;
				INFOPLIST_KEY_UILaunchStoryboardName = LaunchScreen;
				INFOPLIST_KEY_UISupportedInterfaceOrientations = UIInterfaceOrientationPortrait;
				IPHONEOS_DEPLOYMENT_TARGET = 15.0;
				LD_RUNPATH_SEARCH_PATHS = (
					"$(inherited)",
					"@executable_path/Frameworks",
				);
				MARKETING_VERSION = 1.0;
				PRODUCT_BUNDLE_IDENTIFIER = ml.project.Plants;
				PRODUCT_NAME = "$(TARGET_NAME)";
				SWIFT_EMIT_LOC_STRINGS = YES;
				SWIFT_VERSION = 5.0;
				TARGETED_DEVICE_FAMILY = "1,2";
			};
			name = Debug;
		};
		733EFC9C2BECB37A000AF4D8 /* Release */ = {
			isa = XCBuildConfiguration;
			buildSettings = {
				ASSETCATALOG_COMPILER_APPICON_NAME = AppIcon;
				ASSETCATALOG_COMPILER_GLOBAL_ACCENT_COLOR_NAME = AccentColor;
				CODE_SIGN_STYLE = Automatic;
				CURRENT_PROJECT_VERSION = 1;
				DEVELOPMENT_TEAM = S5J23Z6PPM;
				GENERATE_INFOPLIST_FILE = YES;
				INFOPLIST_FILE = Plants/Info.plist;
				INFOPLIST_KEY_UIApplicationSupportsIndirectInputEvents = YES;
				INFOPLIST_KEY_UILaunchStoryboardName = LaunchScreen;
				INFOPLIST_KEY_UISupportedInterfaceOrientations = UIInterfaceOrientationPortrait;
				IPHONEOS_DEPLOYMENT_TARGET = 15.0;
				LD_RUNPATH_SEARCH_PATHS = (
					"$(inherited)",
					"@executable_path/Frameworks",
				);
				MARKETING_VERSION = 1.0;
				PRODUCT_BUNDLE_IDENTIFIER = ml.project.Plants;
				PRODUCT_NAME = "$(TARGET_NAME)";
				SWIFT_EMIT_LOC_STRINGS = YES;
				SWIFT_VERSION = 5.0;
				TARGETED_DEVICE_FAMILY = "1,2";
			};
			name = Release;
		};
/* End XCBuildConfiguration section */

/* Begin XCConfigurationList section */
		733EFC812BECB378000AF4D8 /* Build configuration list for PBXProject "Plants" */ = {
			isa = XCConfigurationList;
			buildConfigurations = (
				733EFC982BECB37A000AF4D8 /* Debug */,
				733EFC992BECB37A000AF4D8 /* Release */,
			);
			defaultConfigurationIsVisible = 0;
			defaultConfigurationName = Release;
		};
		733EFC9A2BECB37A000AF4D8 /* Build configuration list for PBXNativeTarget "Plants" */ = {
			isa = XCConfigurationList;
			buildConfigurations = (
				733EFC9B2BECB37A000AF4D8 /* Debug */,
				733EFC9C2BECB37A000AF4D8 /* Release */,
			);
			defaultConfigurationIsVisible = 0;
			defaultConfigurationName = Release;
		};
/* End XCConfigurationList section */

/* Begin XCRemoteSwiftPackageReference section */
		733EFCAF2BECBB5B000AF4D8 /* XCRemoteSwiftPackageReference "lottie-spm" */ = {
			isa = XCRemoteSwiftPackageReference;
			repositoryURL = "https://github.com/airbnb/lottie-spm.git";
			requirement = {
				kind = upToNextMajorVersion;
				minimumVersion = 4.4.3;
			};
		};
/* End XCRemoteSwiftPackageReference section */

/* Begin XCSwiftPackageProductDependency section */
		733EFCB02BECBB5B000AF4D8 /* Lottie */ = {
			isa = XCSwiftPackageProductDependency;
			package = 733EFCAF2BECBB5B000AF4D8 /* XCRemoteSwiftPackageReference "lottie-spm" */;
			productName = Lottie;
		};
/* End XCSwiftPackageProductDependency section */
	};
	rootObject = 733EFC7E2BECB378000AF4D8 /* Project object */;
}
